
Microsoft Visual Studio Solution File, Format Version 12.00
# Visual Studio 14
VisualStudioVersion = 14.0.25420.1
MinimumVisualStudioVersion = 10.0.40219.1
Project("{FAE04EC0-301F-11D3-BF4B-00C04F79EFBC}") = "ShoppingCart", "ClassLibrary1\ShoppingCart.csproj", "{6473A9B3-BAC5-4F62-AA9E-4577189C43D4}"
EndProject
Project("{FAE04EC0-301F-11D3-BF4B-00C04F79EFBC}") = "ShoppingCartUnitTests", "UnitTestProject1\ShoppingCartUnitTests.csproj", "{A85A6E08-23AD-4A21-A84E-DA1024117908}"
EndProject
Global
	GlobalSection(SolutionConfigurationPlatforms) = preSolution
		Debug|Any CPU = Debug|Any CPU
		Release|Any CPU = Release|Any CPU
	EndGlobalSection
	GlobalSection(ProjectConfigurationPlatforms) = postSolution
		{6473A9B3-BAC5-4F62-AA9E-4577189C43D4}.Debug|Any CPU.ActiveCfg = Debug|Any CPU
		{6473A9B3-BAC5-4F62-AA9E-4577189C43D4}.Debug|Any CPU.Build.0 = Debug|Any CPU
		{6473A9B3-BAC5-4F62-AA9E-4577189C43D4}.Release|Any CPU.ActiveCfg = Release|Any CPU
		{6473A9B3-BAC5-4F62-AA9E-4577189C43D4}.Release|Any CPU.Build.0 = Release|Any CPU
		{A85A6E08-23AD-4A21-A84E-DA1024117908}.Debug|Any CPU.ActiveCfg = Debug|Any CPU
		{A85A6E08-23AD-4A21-A84E-DA1024117908}.Debug|Any CPU.Build.0 = Debug|Any CPU
		{A85A6E08-23AD-4A21-A84E-DA1024117908}.Release|Any CPU.ActiveCfg = Release|Any CPU
		{A85A6E08-23AD-4A21-A84E-DA1024117908}.Release|Any CPU.Build.0 = Release|Any CPU
	EndGlobalSection
	GlobalSection(SolutionProperties) = preSolution
		HideSolutionNode = FALSE
	EndGlobalSection
EndGlobal
